// !$*UTF8*$!
{
	archiveVersion = 1;
	classes = {
	};
	objectVersion = 50;
	objects = {

/* Begin PBXBuildFile section */
		3853051521E9961F0076A5D3 /* UIScrollView-Extension.swift in Sources */ = {isa = PBXBuildFile; fileRef = 3853051421E9961F0076A5D3 /* UIScrollView-Extension.swift */; };
		3891B53721E17B2D008D8AA5 /* PageTitleView.swift in Sources */ = {isa = PBXBuildFile; fileRef = 3891B53621E17B2D008D8AA5 /* PageTitleView.swift */; };
		3891B53921E17D7F008D8AA5 /* AllViewController.swift in Sources */ = {isa = PBXBuildFile; fileRef = 3891B53821E17D7F008D8AA5 /* AllViewController.swift */; };
		3891B53B21E18261008D8AA5 /* ContentMainView.swift in Sources */ = {isa = PBXBuildFile; fileRef = 3891B53A21E18261008D8AA5 /* ContentMainView.swift */; };
		3891B54121E1B018008D8AA5 /* SecondCollectionViewCell.swift in Sources */ = {isa = PBXBuildFile; fileRef = 3891B54021E1B018008D8AA5 /* SecondCollectionViewCell.swift */; };
		38D0E44521E04E0700293F7B /* HomeDetailViewController.swift in Sources */ = {isa = PBXBuildFile; fileRef = 38D0E44421E04E0700293F7B /* HomeDetailViewController.swift */; };
		38D0E44721E0556E00293F7B /* ZJProgressHUD.swift in Sources */ = {isa = PBXBuildFile; fileRef = 38D0E44621E0556E00293F7B /* ZJProgressHUD.swift */; };
		A401331621DFEFC100E8E29E /* HomeViewController.swift in Sources */ = {isa = PBXBuildFile; fileRef = A401331521DFEFC100E8E29E /* HomeViewController.swift */; };
		A401331821DFEFCE00E8E29E /* LikeViewController.swift in Sources */ = {isa = PBXBuildFile; fileRef = A401331721DFEFCE00E8E29E /* LikeViewController.swift */; };
		A401331A21DFEFD700E8E29E /* MineViewController.swift in Sources */ = {isa = PBXBuildFile; fileRef = A401331921DFEFD700E8E29E /* MineViewController.swift */; };
		A401331D21DFF01900E8E29E /* Home.storyboard in Resources */ = {isa = PBXBuildFile; fileRef = A401331B21DFF01900E8E29E /* Home.storyboard */; };
		A401331F21DFF03B00E8E29E /* Like.storyboard in Resources */ = {isa = PBXBuildFile; fileRef = A401331E21DFF03B00E8E29E /* Like.storyboard */; };
		A401332221DFF05100E8E29E /* Mine.storyboard in Resources */ = {isa = PBXBuildFile; fileRef = A401332021DFF05100E8E29E /* Mine.storyboard */; };
		A401332921DFF1D700E8E29E /* Const.swift in Sources */ = {isa = PBXBuildFile; fileRef = A401332821DFF1D700E8E29E /* Const.swift */; };
		A401332B21DFF29400E8E29E /* UIBarButtonItem-Extension.swift in Sources */ = {isa = PBXBuildFile; fileRef = A401332A21DFF29400E8E29E /* UIBarButtonItem-Extension.swift */; };
		A401332D21DFF3AC00E8E29E /* HomeMainView.swift in Sources */ = {isa = PBXBuildFile; fileRef = A401332C21DFF3AC00E8E29E /* HomeMainView.swift */; };
		A401333421DFFF5B00E8E29E /* HomeCollectionViewCell.swift in Sources */ = {isa = PBXBuildFile; fileRef = A401333221DFFF5B00E8E29E /* HomeCollectionViewCell.swift */; };
		A401333521DFFF5B00E8E29E /* HomeCollectionViewCell.xib in Resources */ = {isa = PBXBuildFile; fileRef = A401333321DFFF5B00E8E29E /* HomeCollectionViewCell.xib */; };
		A401333721E0059500E8E29E /* HomeModel.swift in Sources */ = {isa = PBXBuildFile; fileRef = A401333621E0059500E8E29E /* HomeModel.swift */; };
		A401333921E0077D00E8E29E /* NetworkTools.swift in Sources */ = {isa = PBXBuildFile; fileRef = A401333821E0077D00E8E29E /* NetworkTools.swift */; };
		A401333B21E0079C00E8E29E /* HomeViewModel.swift in Sources */ = {isa = PBXBuildFile; fileRef = A401333A21E0079C00E8E29E /* HomeViewModel.swift */; };
		A401333D21E0114B00E8E29E /* CustomImageView.swift in Sources */ = {isa = PBXBuildFile; fileRef = A401333C21E0114B00E8E29E /* CustomImageView.swift */; };
		A486134121E52E420071CF17 /* MineHead.swift in Sources */ = {isa = PBXBuildFile; fileRef = A486134021E52E420071CF17 /* MineHead.swift */; };
		A486134621E52E650071CF17 /* ParallaxHeaderMode.swift in Sources */ = {isa = PBXBuildFile; fileRef = A486134321E52E650071CF17 /* ParallaxHeaderMode.swift */; };
		A486134721E52E650071CF17 /* UIScrollView+ParallaxHeader.swift in Sources */ = {isa = PBXBuildFile; fileRef = A486134421E52E650071CF17 /* UIScrollView+ParallaxHeader.swift */; };
		A486134821E52E650071CF17 /* ParallaxHeader.swift in Sources */ = {isa = PBXBuildFile; fileRef = A486134521E52E650071CF17 /* ParallaxHeader.swift */; };
		A4C0811921DFEB2B00E2216A /* Main.storyboard in Resources */ = {isa = PBXBuildFile; fileRef = A4C0811721DFEB2B00E2216A /* Main.storyboard */; };
		A4C0811B21DFEB2D00E2216A /* Assets.xcassets in Resources */ = {isa = PBXBuildFile; fileRef = A4C0811A21DFEB2D00E2216A /* Assets.xcassets */; };
		A4C0811E21DFEB2D00E2216A /* LaunchScreen.storyboard in Resources */ = {isa = PBXBuildFile; fileRef = A4C0811C21DFEB2D00E2216A /* LaunchScreen.storyboard */; };
		A4C0812921DFEB2D00E2216A /* CarloudyNewsTests.swift in Sources */ = {isa = PBXBuildFile; fileRef = A4C0812821DFEB2D00E2216A /* CarloudyNewsTests.swift */; };
		A4C0813421DFEB2D00E2216A /* CarloudyNewsUITests.swift in Sources */ = {isa = PBXBuildFile; fileRef = A4C0813321DFEB2D00E2216A /* CarloudyNewsUITests.swift */; };
		A4C0814421DFEEBF00E2216A /* AppDelegate.swift in Sources */ = {isa = PBXBuildFile; fileRef = A4C0814221DFEEBF00E2216A /* AppDelegate.swift */; };
		A4ECD29621E7BF630040720D /* CarloudySettingViewController.swift in Sources */ = {isa = PBXBuildFile; fileRef = A4ECD29521E7BF630040720D /* CarloudySettingViewController.swift */; };
		A4ECD29921E94BB20040720D /* SettingView.swift in Sources */ = {isa = PBXBuildFile; fileRef = A4ECD29821E94BB20040720D /* SettingView.swift */; };
		A4ECD29B21E94BBF0040720D /* SettingView.xib in Resources */ = {isa = PBXBuildFile; fileRef = A4ECD29A21E94BBF0040720D /* SettingView.xib */; };
		A4ECD2D721ED2A1C0040720D /* AddCategoriesViewController.swift in Sources */ = {isa = PBXBuildFile; fileRef = A4ECD2D621ED2A1C0040720D /* AddCategoriesViewController.swift */; };
		A4ECD2D921ED31850040720D /* UIColor-Extension.swift in Sources */ = {isa = PBXBuildFile; fileRef = A4ECD2D821ED31850040720D /* UIColor-Extension.swift */; };
		ADD1D8B0382E053972D66C87 /* Pods_CarloudyNews.framework in Frameworks */ = {isa = PBXBuildFile; fileRef = 0EE447B55BBC04CACE1C6C89 /* Pods_CarloudyNews.framework */; };
/* End PBXBuildFile section */

/* Begin PBXContainerItemProxy section */
		A4C0812521DFEB2D00E2216A /* PBXContainerItemProxy */ = {
			isa = PBXContainerItemProxy;
			containerPortal = A4C0810821DFEB2B00E2216A /* Project object */;
			proxyType = 1;
			remoteGlobalIDString = A4C0810F21DFEB2B00E2216A;
			remoteInfo = CarloudyNews;
		};
		A4C0813021DFEB2D00E2216A /* PBXContainerItemProxy */ = {
			isa = PBXContainerItemProxy;
			containerPortal = A4C0810821DFEB2B00E2216A /* Project object */;
			proxyType = 1;
			remoteGlobalIDString = A4C0810F21DFEB2B00E2216A;
			remoteInfo = CarloudyNews;
		};
/* End PBXContainerItemProxy section */

/* Begin PBXFileReference section */
		0EE447B55BBC04CACE1C6C89 /* Pods_CarloudyNews.framework */ = {isa = PBXFileReference; explicitFileType = wrapper.framework; includeInIndex = 0; path = Pods_CarloudyNews.framework; sourceTree = BUILT_PRODUCTS_DIR; };
		3853051421E9961F0076A5D3 /* UIScrollView-Extension.swift */ = {isa = PBXFileReference; lastKnownFileType = sourcecode.swift; path = "UIScrollView-Extension.swift"; sourceTree = "<group>"; };
		3891B53621E17B2D008D8AA5 /* PageTitleView.swift */ = {isa = PBXFileReference; fileEncoding = 4; lastKnownFileType = sourcecode.swift; path = PageTitleView.swift; sourceTree = "<group>"; };
		3891B53821E17D7F008D8AA5 /* AllViewController.swift */ = {isa = PBXFileReference; lastKnownFileType = sourcecode.swift; path = AllViewController.swift; sourceTree = "<group>"; };
		3891B53A21E18261008D8AA5 /* ContentMainView.swift */ = {isa = PBXFileReference; lastKnownFileType = sourcecode.swift; path = ContentMainView.swift; sourceTree = "<group>"; };
		3891B54021E1B018008D8AA5 /* SecondCollectionViewCell.swift */ = {isa = PBXFileReference; lastKnownFileType = sourcecode.swift; path = SecondCollectionViewCell.swift; sourceTree = "<group>"; };
		38D0E44421E04E0700293F7B /* HomeDetailViewController.swift */ = {isa = PBXFileReference; lastKnownFileType = sourcecode.swift; path = HomeDetailViewController.swift; sourceTree = "<group>"; };
		38D0E44621E0556E00293F7B /* ZJProgressHUD.swift */ = {isa = PBXFileReference; lastKnownFileType = sourcecode.swift; path = ZJProgressHUD.swift; sourceTree = "<group>"; };
		931847F70BF84EC7C7D65EFF /* Pods-CarloudyNews.release.xcconfig */ = {isa = PBXFileReference; includeInIndex = 1; lastKnownFileType = text.xcconfig; name = "Pods-CarloudyNews.release.xcconfig"; path = "Pods/Target Support Files/Pods-CarloudyNews/Pods-CarloudyNews.release.xcconfig"; sourceTree = "<group>"; };
		A401331521DFEFC100E8E29E /* HomeViewController.swift */ = {isa = PBXFileReference; lastKnownFileType = sourcecode.swift; path = HomeViewController.swift; sourceTree = "<group>"; };
		A401331721DFEFCE00E8E29E /* LikeViewController.swift */ = {isa = PBXFileReference; lastKnownFileType = sourcecode.swift; path = LikeViewController.swift; sourceTree = "<group>"; };
		A401331921DFEFD700E8E29E /* MineViewController.swift */ = {isa = PBXFileReference; lastKnownFileType = sourcecode.swift; path = MineViewController.swift; sourceTree = "<group>"; };
		A401331C21DFF01900E8E29E /* Base */ = {isa = PBXFileReference; lastKnownFileType = file.storyboard; name = Base; path = CarloudyNews/Others/Base.lproj/Home.storyboard; sourceTree = "<group>"; };
		A401331E21DFF03B00E8E29E /* Like.storyboard */ = {isa = PBXFileReference; fileEncoding = 4; lastKnownFileType = file.storyboard; path = Like.storyboard; sourceTree = "<group>"; };
		A401332121DFF05100E8E29E /* Base */ = {isa = PBXFileReference; lastKnownFileType = file.storyboard; name = Base; path = CarloudyNews/Others/Base.lproj/Mine.storyboard; sourceTree = "<group>"; };
		A401332821DFF1D700E8E29E /* Const.swift */ = {isa = PBXFileReference; lastKnownFileType = sourcecode.swift; path = Const.swift; sourceTree = "<group>"; };
		A401332A21DFF29400E8E29E /* UIBarButtonItem-Extension.swift */ = {isa = PBXFileReference; lastKnownFileType = sourcecode.swift; path = "UIBarButtonItem-Extension.swift"; sourceTree = "<group>"; };
		A401332C21DFF3AC00E8E29E /* HomeMainView.swift */ = {isa = PBXFileReference; lastKnownFileType = sourcecode.swift; path = HomeMainView.swift; sourceTree = "<group>"; };
		A401333221DFFF5B00E8E29E /* HomeCollectionViewCell.swift */ = {isa = PBXFileReference; lastKnownFileType = sourcecode.swift; path = HomeCollectionViewCell.swift; sourceTree = "<group>"; };
		A401333321DFFF5B00E8E29E /* HomeCollectionViewCell.xib */ = {isa = PBXFileReference; lastKnownFileType = file.xib; path = HomeCollectionViewCell.xib; sourceTree = "<group>"; };
		A401333621E0059500E8E29E /* HomeModel.swift */ = {isa = PBXFileReference; lastKnownFileType = sourcecode.swift; path = HomeModel.swift; sourceTree = "<group>"; };
		A401333821E0077D00E8E29E /* NetworkTools.swift */ = {isa = PBXFileReference; fileEncoding = 4; lastKnownFileType = sourcecode.swift; path = NetworkTools.swift; sourceTree = "<group>"; };
		A401333A21E0079C00E8E29E /* HomeViewModel.swift */ = {isa = PBXFileReference; lastKnownFileType = sourcecode.swift; path = HomeViewModel.swift; sourceTree = "<group>"; };
		A401333C21E0114B00E8E29E /* CustomImageView.swift */ = {isa = PBXFileReference; fileEncoding = 4; lastKnownFileType = sourcecode.swift; path = CustomImageView.swift; sourceTree = "<group>"; };
		A486134021E52E420071CF17 /* MineHead.swift */ = {isa = PBXFileReference; fileEncoding = 4; lastKnownFileType = sourcecode.swift; path = MineHead.swift; sourceTree = "<group>"; };
		A486134321E52E650071CF17 /* ParallaxHeaderMode.swift */ = {isa = PBXFileReference; fileEncoding = 4; lastKnownFileType = sourcecode.swift; path = ParallaxHeaderMode.swift; sourceTree = "<group>"; };
		A486134421E52E650071CF17 /* UIScrollView+ParallaxHeader.swift */ = {isa = PBXFileReference; fileEncoding = 4; lastKnownFileType = sourcecode.swift; path = "UIScrollView+ParallaxHeader.swift"; sourceTree = "<group>"; };
		A486134521E52E650071CF17 /* ParallaxHeader.swift */ = {isa = PBXFileReference; fileEncoding = 4; lastKnownFileType = sourcecode.swift; path = ParallaxHeader.swift; sourceTree = "<group>"; };
		A4C0811021DFEB2B00E2216A /* CarloudyNews.app */ = {isa = PBXFileReference; explicitFileType = wrapper.application; includeInIndex = 0; path = CarloudyNews.app; sourceTree = BUILT_PRODUCTS_DIR; };
		A4C0811821DFEB2B00E2216A /* Base */ = {isa = PBXFileReference; lastKnownFileType = file.storyboard; name = Base; path = Base.lproj/Main.storyboard; sourceTree = "<group>"; };
		A4C0811A21DFEB2D00E2216A /* Assets.xcassets */ = {isa = PBXFileReference; lastKnownFileType = folder.assetcatalog; path = Assets.xcassets; sourceTree = "<group>"; };
		A4C0811D21DFEB2D00E2216A /* Base */ = {isa = PBXFileReference; lastKnownFileType = file.storyboard; name = Base; path = Base.lproj/LaunchScreen.storyboard; sourceTree = "<group>"; };
		A4C0812421DFEB2D00E2216A /* CarloudyNewsTests.xctest */ = {isa = PBXFileReference; explicitFileType = wrapper.cfbundle; includeInIndex = 0; path = CarloudyNewsTests.xctest; sourceTree = BUILT_PRODUCTS_DIR; };
		A4C0812821DFEB2D00E2216A /* CarloudyNewsTests.swift */ = {isa = PBXFileReference; lastKnownFileType = sourcecode.swift; path = CarloudyNewsTests.swift; sourceTree = "<group>"; };
		A4C0812A21DFEB2D00E2216A /* Info.plist */ = {isa = PBXFileReference; lastKnownFileType = text.plist.xml; path = Info.plist; sourceTree = "<group>"; };
		A4C0812F21DFEB2D00E2216A /* CarloudyNewsUITests.xctest */ = {isa = PBXFileReference; explicitFileType = wrapper.cfbundle; includeInIndex = 0; path = CarloudyNewsUITests.xctest; sourceTree = BUILT_PRODUCTS_DIR; };
		A4C0813321DFEB2D00E2216A /* CarloudyNewsUITests.swift */ = {isa = PBXFileReference; lastKnownFileType = sourcecode.swift; path = CarloudyNewsUITests.swift; sourceTree = "<group>"; };
		A4C0813521DFEB2D00E2216A /* Info.plist */ = {isa = PBXFileReference; lastKnownFileType = text.plist.xml; path = Info.plist; sourceTree = "<group>"; };
		A4C0814221DFEEBF00E2216A /* AppDelegate.swift */ = {isa = PBXFileReference; fileEncoding = 4; lastKnownFileType = sourcecode.swift; path = AppDelegate.swift; sourceTree = "<group>"; };
		A4C0814321DFEEBF00E2216A /* Info.plist */ = {isa = PBXFileReference; fileEncoding = 4; lastKnownFileType = text.plist.xml; path = Info.plist; sourceTree = "<group>"; };
		A4ECD29521E7BF630040720D /* CarloudySettingViewController.swift */ = {isa = PBXFileReference; fileEncoding = 4; lastKnownFileType = sourcecode.swift; path = CarloudySettingViewController.swift; sourceTree = "<group>"; };
		A4ECD29821E94BB20040720D /* SettingView.swift */ = {isa = PBXFileReference; lastKnownFileType = sourcecode.swift; path = SettingView.swift; sourceTree = "<group>"; };
		A4ECD29A21E94BBF0040720D /* SettingView.xib */ = {isa = PBXFileReference; lastKnownFileType = file.xib; path = SettingView.xib; sourceTree = "<group>"; };
		A4ECD2D621ED2A1C0040720D /* AddCategoriesViewController.swift */ = {isa = PBXFileReference; lastKnownFileType = sourcecode.swift; path = AddCategoriesViewController.swift; sourceTree = "<group>"; };
		A4ECD2D821ED31850040720D /* UIColor-Extension.swift */ = {isa = PBXFileReference; lastKnownFileType = sourcecode.swift; path = "UIColor-Extension.swift"; sourceTree = "<group>"; };
		ADB8FD6F4BEA93DBC06E7ADD /* Pods-CarloudyNews.debug.xcconfig */ = {isa = PBXFileReference; includeInIndex = 1; lastKnownFileType = text.xcconfig; name = "Pods-CarloudyNews.debug.xcconfig"; path = "Pods/Target Support Files/Pods-CarloudyNews/Pods-CarloudyNews.debug.xcconfig"; sourceTree = "<group>"; };
		B60452CE45A7EC64E299B1FA /* Pods_CarloudyNewsUITests.framework */ = {isa = PBXFileReference; explicitFileType = wrapper.framework; includeInIndex = 0; path = Pods_CarloudyNewsUITests.framework; sourceTree = BUILT_PRODUCTS_DIR; };
		CBCAE3AE176F0C552E3C2803 /* Pods_CarloudyNewsTests.framework */ = {isa = PBXFileReference; explicitFileType = wrapper.framework; includeInIndex = 0; path = Pods_CarloudyNewsTests.framework; sourceTree = BUILT_PRODUCTS_DIR; };
/* End PBXFileReference section */

/* Begin PBXFrameworksBuildPhase section */
		A4C0810D21DFEB2B00E2216A /* Frameworks */ = {
			isa = PBXFrameworksBuildPhase;
			buildActionMask = 2147483647;
			files = (
				ADD1D8B0382E053972D66C87 /* Pods_CarloudyNews.framework in Frameworks */,
			);
			runOnlyForDeploymentPostprocessing = 0;
		};
		A4C0812121DFEB2D00E2216A /* Frameworks */ = {
			isa = PBXFrameworksBuildPhase;
			buildActionMask = 2147483647;
			files = (
			);
			runOnlyForDeploymentPostprocessing = 0;
		};
		A4C0812C21DFEB2D00E2216A /* Frameworks */ = {
			isa = PBXFrameworksBuildPhase;
			buildActionMask = 2147483647;
			files = (
			);
			runOnlyForDeploymentPostprocessing = 0;
		};
/* End PBXFrameworksBuildPhase section */

/* Begin PBXGroup section */
		02CE3E5661E2787810EB5BB6 /* Frameworks */ = {
			isa = PBXGroup;
			children = (
				0EE447B55BBC04CACE1C6C89 /* Pods_CarloudyNews.framework */,
				CBCAE3AE176F0C552E3C2803 /* Pods_CarloudyNewsTests.framework */,
				B60452CE45A7EC64E299B1FA /* Pods_CarloudyNewsUITests.framework */,
			);
			name = Frameworks;
			sourceTree = "<group>";
		};
		A401332321DFF11C00E8E29E /* Controller */ = {
			isa = PBXGroup;
			children = (
				A401331B21DFF01900E8E29E /* Home.storyboard */,
				A401331521DFEFC100E8E29E /* HomeViewController.swift */,
			);
			path = Controller;
			sourceTree = "<group>";
		};
		A401332421DFF12800E8E29E /* View */ = {
			isa = PBXGroup;
			children = (
				A401333221DFFF5B00E8E29E /* HomeCollectionViewCell.swift */,
				A401333321DFFF5B00E8E29E /* HomeCollectionViewCell.xib */,
				3891B54021E1B018008D8AA5 /* SecondCollectionViewCell.swift */,
			);
			path = View;
			sourceTree = "<group>";
		};
		A401332521DFF13000E8E29E /* Model */ = {
			isa = PBXGroup;
			children = (
				A401333621E0059500E8E29E /* HomeModel.swift */,
			);
			path = Model;
			sourceTree = "<group>";
		};
		A401332621DFF13700E8E29E /* ViewModel */ = {
			isa = PBXGroup;
			children = (
				A401333A21E0079C00E8E29E /* HomeViewModel.swift */,
			);
			path = ViewModel;
			sourceTree = "<group>";
		};
		A401332721DFF1B600E8E29E /* Utils */ = {
			isa = PBXGroup;
			children = (
				A486134221E52E650071CF17 /* ParallaxHeader */,
				A401333C21E0114B00E8E29E /* CustomImageView.swift */,
				A401333821E0077D00E8E29E /* NetworkTools.swift */,
				A401332821DFF1D700E8E29E /* Const.swift */,
				A401332A21DFF29400E8E29E /* UIBarButtonItem-Extension.swift */,
				A4ECD2D821ED31850040720D /* UIColor-Extension.swift */,
				38D0E44621E0556E00293F7B /* ZJProgressHUD.swift */,
				3853051421E9961F0076A5D3 /* UIScrollView-Extension.swift */,
			);
			path = Utils;
			sourceTree = "<group>";
		};
		A486134221E52E650071CF17 /* ParallaxHeader */ = {
			isa = PBXGroup;
			children = (
				A486134321E52E650071CF17 /* ParallaxHeaderMode.swift */,
				A486134421E52E650071CF17 /* UIScrollView+ParallaxHeader.swift */,
				A486134521E52E650071CF17 /* ParallaxHeader.swift */,
			);
			path = ParallaxHeader;
			sourceTree = "<group>";
		};
		A4C0810721DFEB2B00E2216A = {
			isa = PBXGroup;
			children = (
				A4C0811221DFEB2B00E2216A /* CarloudyNews */,
				A4C0812721DFEB2D00E2216A /* CarloudyNewsTests */,
				A4C0813221DFEB2D00E2216A /* CarloudyNewsUITests */,
				A4C0811121DFEB2B00E2216A /* Products */,
				B6D7251AE33D2372166AE7E1 /* Pods */,
				02CE3E5661E2787810EB5BB6 /* Frameworks */,
			);
			sourceTree = "<group>";
		};
		A4C0811121DFEB2B00E2216A /* Products */ = {
			isa = PBXGroup;
			children = (
				A4C0811021DFEB2B00E2216A /* CarloudyNews.app */,
				A4C0812421DFEB2D00E2216A /* CarloudyNewsTests.xctest */,
				A4C0812F21DFEB2D00E2216A /* CarloudyNewsUITests.xctest */,
			);
			name = Products;
			sourceTree = "<group>";
		};
		A4C0811221DFEB2B00E2216A /* CarloudyNews */ = {
			isa = PBXGroup;
			children = (
				A4C0814321DFEEBF00E2216A /* Info.plist */,
				A4C0814121DFEEBF00E2216A /* Others */,
				A4C0814621DFEEC400E2216A /* Class */,
				A401332721DFF1B600E8E29E /* Utils */,
			);
			path = CarloudyNews;
			sourceTree = "<group>";
		};
		A4C0812721DFEB2D00E2216A /* CarloudyNewsTests */ = {
			isa = PBXGroup;
			children = (
				A4C0812821DFEB2D00E2216A /* CarloudyNewsTests.swift */,
				A4C0812A21DFEB2D00E2216A /* Info.plist */,
			);
			path = CarloudyNewsTests;
			sourceTree = "<group>";
		};
		A4C0813221DFEB2D00E2216A /* CarloudyNewsUITests */ = {
			isa = PBXGroup;
			children = (
				A4C0813321DFEB2D00E2216A /* CarloudyNewsUITests.swift */,
				A4C0813521DFEB2D00E2216A /* Info.plist */,
			);
			path = CarloudyNewsUITests;
			sourceTree = "<group>";
		};
		A4C0814121DFEEBF00E2216A /* Others */ = {
			isa = PBXGroup;
			children = (
				A4C0811721DFEB2B00E2216A /* Main.storyboard */,
				A4C0811C21DFEB2D00E2216A /* LaunchScreen.storyboard */,
				A4C0814221DFEEBF00E2216A /* AppDelegate.swift */,
				A4C0811A21DFEB2D00E2216A /* Assets.xcassets */,
			);
			path = Others;
			sourceTree = "<group>";
		};
		A4C0814621DFEEC400E2216A /* Class */ = {
			isa = PBXGroup;
			children = (
				A4ECD29721E90E9C0040720D /* Main */,
				A4C0814721DFEEC400E2216A /* Home */,
				A4C0814821DFEEC400E2216A /* Like */,
				A4C0814921DFEEC400E2216A /* Mine */,
			);
			path = Class;
			sourceTree = "<group>";
		};
		A4C0814721DFEEC400E2216A /* Home */ = {
			isa = PBXGroup;
			children = (
				A401332621DFF13700E8E29E /* ViewModel */,
				A401332521DFF13000E8E29E /* Model */,
				A401332421DFF12800E8E29E /* View */,
				A401332321DFF11C00E8E29E /* Controller */,
			);
			path = Home;
			sourceTree = "<group>";
		};
		A4C0814821DFEEC400E2216A /* Like */ = {
			isa = PBXGroup;
			children = (
				A401331E21DFF03B00E8E29E /* Like.storyboard */,
				A401331721DFEFCE00E8E29E /* LikeViewController.swift */,
				A4ECD29821E94BB20040720D /* SettingView.swift */,
				A4ECD29A21E94BBF0040720D /* SettingView.xib */,
				A4ECD2D621ED2A1C0040720D /* AddCategoriesViewController.swift */,
			);
			path = Like;
			sourceTree = "<group>";
		};
		A4C0814921DFEEC400E2216A /* Mine */ = {
			isa = PBXGroup;
			children = (
				A401332021DFF05100E8E29E /* Mine.storyboard */,
				A401331921DFEFD700E8E29E /* MineViewController.swift */,
				A486134021E52E420071CF17 /* MineHead.swift */,
				A4ECD29521E7BF630040720D /* CarloudySettingViewController.swift */,
			);
			path = Mine;
			sourceTree = "<group>";
		};
		A4ECD29721E90E9C0040720D /* Main */ = {
			isa = PBXGroup;
			children = (
				3891B53A21E18261008D8AA5 /* ContentMainView.swift */,
				3891B53621E17B2D008D8AA5 /* PageTitleView.swift */,
				A401332C21DFF3AC00E8E29E /* HomeMainView.swift */,
				3891B53821E17D7F008D8AA5 /* AllViewController.swift */,
				38D0E44421E04E0700293F7B /* HomeDetailViewController.swift */,
			);
			path = Main;
			sourceTree = "<group>";
		};
		B6D7251AE33D2372166AE7E1 /* Pods */ = {
			isa = PBXGroup;
			children = (
				ADB8FD6F4BEA93DBC06E7ADD /* Pods-CarloudyNews.debug.xcconfig */,
				931847F70BF84EC7C7D65EFF /* Pods-CarloudyNews.release.xcconfig */,
			);
			name = Pods;
			sourceTree = "<group>";
		};
/* End PBXGroup section */

/* Begin PBXNativeTarget section */
		A4C0810F21DFEB2B00E2216A /* CarloudyNews */ = {
			isa = PBXNativeTarget;
			buildConfigurationList = A4C0813821DFEB2D00E2216A /* Build configuration list for PBXNativeTarget "CarloudyNews" */;
			buildPhases = (
				3F23834B07C64B403C18B0B2 /* [CP] Check Pods Manifest.lock */,
				A4C0810C21DFEB2B00E2216A /* Sources */,
				A4C0810D21DFEB2B00E2216A /* Frameworks */,
				A4C0810E21DFEB2B00E2216A /* Resources */,
				D4A6D6D2E7D6D846EEC9C3BB /* [CP] Embed Pods Frameworks */,
			);
			buildRules = (
			);
			dependencies = (
			);
			name = CarloudyNews;
			productName = CarloudyNews;
			productReference = A4C0811021DFEB2B00E2216A /* CarloudyNews.app */;
			productType = "com.apple.product-type.application";
		};
		A4C0812321DFEB2D00E2216A /* CarloudyNewsTests */ = {
			isa = PBXNativeTarget;
			buildConfigurationList = A4C0813B21DFEB2D00E2216A /* Build configuration list for PBXNativeTarget "CarloudyNewsTests" */;
			buildPhases = (
				A4C0812021DFEB2D00E2216A /* Sources */,
				A4C0812121DFEB2D00E2216A /* Frameworks */,
				A4C0812221DFEB2D00E2216A /* Resources */,
			);
			buildRules = (
			);
			dependencies = (
				A4C0812621DFEB2D00E2216A /* PBXTargetDependency */,
			);
			name = CarloudyNewsTests;
			productName = CarloudyNewsTests;
			productReference = A4C0812421DFEB2D00E2216A /* CarloudyNewsTests.xctest */;
			productType = "com.apple.product-type.bundle.unit-test";
		};
		A4C0812E21DFEB2D00E2216A /* CarloudyNewsUITests */ = {
			isa = PBXNativeTarget;
			buildConfigurationList = A4C0813E21DFEB2D00E2216A /* Build configuration list for PBXNativeTarget "CarloudyNewsUITests" */;
			buildPhases = (
				A4C0812B21DFEB2D00E2216A /* Sources */,
				A4C0812C21DFEB2D00E2216A /* Frameworks */,
				A4C0812D21DFEB2D00E2216A /* Resources */,
			);
			buildRules = (
			);
			dependencies = (
				A4C0813121DFEB2D00E2216A /* PBXTargetDependency */,
			);
			name = CarloudyNewsUITests;
			productName = CarloudyNewsUITests;
			productReference = A4C0812F21DFEB2D00E2216A /* CarloudyNewsUITests.xctest */;
			productType = "com.apple.product-type.bundle.ui-testing";
		};
/* End PBXNativeTarget section */

/* Begin PBXProject section */
		A4C0810821DFEB2B00E2216A /* Project object */ = {
			isa = PBXProject;
			attributes = {
				LastSwiftUpdateCheck = 1010;
				LastUpgradeCheck = 1010;
				ORGANIZATIONNAME = cognitiveAI;
				TargetAttributes = {
					A4C0810F21DFEB2B00E2216A = {
						CreatedOnToolsVersion = 10.1;
					};
					A4C0812321DFEB2D00E2216A = {
						CreatedOnToolsVersion = 10.1;
						TestTargetID = A4C0810F21DFEB2B00E2216A;
					};
					A4C0812E21DFEB2D00E2216A = {
						CreatedOnToolsVersion = 10.1;
						TestTargetID = A4C0810F21DFEB2B00E2216A;
					};
				};
			};
			buildConfigurationList = A4C0810B21DFEB2B00E2216A /* Build configuration list for PBXProject "CarloudyNews" */;
			compatibilityVersion = "Xcode 9.3";
			developmentRegion = en;
			hasScannedForEncodings = 0;
			knownRegions = (
				en,
				Base,
			);
			mainGroup = A4C0810721DFEB2B00E2216A;
			productRefGroup = A4C0811121DFEB2B00E2216A /* Products */;
			projectDirPath = "";
			projectRoot = "";
			targets = (
				A4C0810F21DFEB2B00E2216A /* CarloudyNews */,
				A4C0812321DFEB2D00E2216A /* CarloudyNewsTests */,
				A4C0812E21DFEB2D00E2216A /* CarloudyNewsUITests */,
			);
		};
/* End PBXProject section */

/* Begin PBXResourcesBuildPhase section */
		A4C0810E21DFEB2B00E2216A /* Resources */ = {
			isa = PBXResourcesBuildPhase;
			buildActionMask = 2147483647;
			files = (
				A401331D21DFF01900E8E29E /* Home.storyboard in Resources */,
				A4ECD29B21E94BBF0040720D /* SettingView.xib in Resources */,
				A4C0811E21DFEB2D00E2216A /* LaunchScreen.storyboard in Resources */,
				A401331F21DFF03B00E8E29E /* Like.storyboard in Resources */,
				A401332221DFF05100E8E29E /* Mine.storyboard in Resources */,
				A401333521DFFF5B00E8E29E /* HomeCollectionViewCell.xib in Resources */,
				A4C0811B21DFEB2D00E2216A /* Assets.xcassets in Resources */,
				A4C0811921DFEB2B00E2216A /* Main.storyboard in Resources */,
			);
			runOnlyForDeploymentPostprocessing = 0;
		};
		A4C0812221DFEB2D00E2216A /* Resources */ = {
			isa = PBXResourcesBuildPhase;
			buildActionMask = 2147483647;
			files = (
			);
			runOnlyForDeploymentPostprocessing = 0;
		};
		A4C0812D21DFEB2D00E2216A /* Resources */ = {
			isa = PBXResourcesBuildPhase;
			buildActionMask = 2147483647;
			files = (
			);
			runOnlyForDeploymentPostprocessing = 0;
		};
/* End PBXResourcesBuildPhase section */

/* Begin PBXShellScriptBuildPhase section */
		3F23834B07C64B403C18B0B2 /* [CP] Check Pods Manifest.lock */ = {
			isa = PBXShellScriptBuildPhase;
			buildActionMask = 2147483647;
			files = (
			);
			inputPaths = (
				"${PODS_PODFILE_DIR_PATH}/Podfile.lock",
				"${PODS_ROOT}/Manifest.lock",
			);
			name = "[CP] Check Pods Manifest.lock";
			outputPaths = (
				"$(DERIVED_FILE_DIR)/Pods-CarloudyNews-checkManifestLockResult.txt",
			);
			runOnlyForDeploymentPostprocessing = 0;
			shellPath = /bin/sh;
			shellScript = "diff \"${PODS_PODFILE_DIR_PATH}/Podfile.lock\" \"${PODS_ROOT}/Manifest.lock\" > /dev/null\nif [ $? != 0 ] ; then\n    # print error to STDERR\n    echo \"error: The sandbox is not in sync with the Podfile.lock. Run 'pod install' or update your CocoaPods installation.\" >&2\n    exit 1\nfi\n# This output is used by Xcode 'outputs' to avoid re-running this script phase.\necho \"SUCCESS\" > \"${SCRIPT_OUTPUT_FILE_0}\"\n";
			showEnvVarsInLog = 0;
		};
		D4A6D6D2E7D6D846EEC9C3BB /* [CP] Embed Pods Frameworks */ = {
			isa = PBXShellScriptBuildPhase;
			buildActionMask = 2147483647;
			files = (
			);
			inputPaths = (
				"${SRCROOT}/Pods/Target Support Files/Pods-CarloudyNews/Pods-CarloudyNews-frameworks.sh",
				"${BUILT_PRODUCTS_DIR}/Alamofire/Alamofire.framework",
				"${BUILT_PRODUCTS_DIR}/CarloudyiOS/CarloudyiOS.framework",
				"${BUILT_PRODUCTS_DIR}/CryptoSwift/CryptoSwift.framework",
			);
			name = "[CP] Embed Pods Frameworks";
			outputPaths = (
				"${TARGET_BUILD_DIR}/${FRAMEWORKS_FOLDER_PATH}/Alamofire.framework",
				"${TARGET_BUILD_DIR}/${FRAMEWORKS_FOLDER_PATH}/CarloudyiOS.framework",
				"${TARGET_BUILD_DIR}/${FRAMEWORKS_FOLDER_PATH}/CryptoSwift.framework",
			);
			runOnlyForDeploymentPostprocessing = 0;
			shellPath = /bin/sh;
			shellScript = "\"${SRCROOT}/Pods/Target Support Files/Pods-CarloudyNews/Pods-CarloudyNews-frameworks.sh\"\n";
			showEnvVarsInLog = 0;
		};
/* End PBXShellScriptBuildPhase section */

/* Begin PBXSourcesBuildPhase section */
		A4C0810C21DFEB2B00E2216A /* Sources */ = {
			isa = PBXSourcesBuildPhase;
			buildActionMask = 2147483647;
			files = (
				A486134121E52E420071CF17 /* MineHead.swift in Sources */,
				A486134821E52E650071CF17 /* ParallaxHeader.swift in Sources */,
				A4ECD2D721ED2A1C0040720D /* AddCategoriesViewController.swift in Sources */,
				A401332D21DFF3AC00E8E29E /* HomeMainView.swift in Sources */,
				A4ECD2D921ED31850040720D /* UIColor-Extension.swift in Sources */,
				A401333D21E0114B00E8E29E /* CustomImageView.swift in Sources */,
				A401333B21E0079C00E8E29E /* HomeViewModel.swift in Sources */,
				A4C0814421DFEEBF00E2216A /* AppDelegate.swift in Sources */,
				38D0E44721E0556E00293F7B /* ZJProgressHUD.swift in Sources */,
				A486134721E52E650071CF17 /* UIScrollView+ParallaxHeader.swift in Sources */,
				A486134621E52E650071CF17 /* ParallaxHeaderMode.swift in Sources */,
				3853051521E9961F0076A5D3 /* UIScrollView-Extension.swift in Sources */,
				A401333921E0077D00E8E29E /* NetworkTools.swift in Sources */,
				A401333721E0059500E8E29E /* HomeModel.swift in Sources */,
				A401331621DFEFC100E8E29E /* HomeViewController.swift in Sources */,
				A401332B21DFF29400E8E29E /* UIBarButtonItem-Extension.swift in Sources */,
				A401331821DFEFCE00E8E29E /* LikeViewController.swift in Sources */,
				3891B53921E17D7F008D8AA5 /* AllViewController.swift in Sources */,
				A401331A21DFEFD700E8E29E /* MineViewController.swift in Sources */,
				A401332921DFF1D700E8E29E /* Const.swift in Sources */,
				3891B53721E17B2D008D8AA5 /* PageTitleView.swift in Sources */,
				3891B54121E1B018008D8AA5 /* SecondCollectionViewCell.swift in Sources */,
				A401333421DFFF5B00E8E29E /* HomeCollectionViewCell.swift in Sources */,
				3891B53B21E18261008D8AA5 /* ContentMainView.swift in Sources */,
				A4ECD29921E94BB20040720D /* SettingView.swift in Sources */,
				38D0E44521E04E0700293F7B /* HomeDetailViewController.swift in Sources */,
				A4ECD29621E7BF630040720D /* CarloudySettingViewController.swift in Sources */,
			);
			runOnlyForDeploymentPostprocessing = 0;
		};
		A4C0812021DFEB2D00E2216A /* Sources */ = {
			isa = PBXSourcesBuildPhase;
			buildActionMask = 2147483647;
			files = (
				A4C0812921DFEB2D00E2216A /* CarloudyNewsTests.swift in Sources */,
			);
			runOnlyForDeploymentPostprocessing = 0;
		};
		A4C0812B21DFEB2D00E2216A /* Sources */ = {
			isa = PBXSourcesBuildPhase;
			buildActionMask = 2147483647;
			files = (
				A4C0813421DFEB2D00E2216A /* CarloudyNewsUITests.swift in Sources */,
			);
			runOnlyForDeploymentPostprocessing = 0;
		};
/* End PBXSourcesBuildPhase section */

/* Begin PBXTargetDependency section */
		A4C0812621DFEB2D00E2216A /* PBXTargetDependency */ = {
			isa = PBXTargetDependency;
			target = A4C0810F21DFEB2B00E2216A /* CarloudyNews */;
			targetProxy = A4C0812521DFEB2D00E2216A /* PBXContainerItemProxy */;
		};
		A4C0813121DFEB2D00E2216A /* PBXTargetDependency */ = {
			isa = PBXTargetDependency;
			target = A4C0810F21DFEB2B00E2216A /* CarloudyNews */;
			targetProxy = A4C0813021DFEB2D00E2216A /* PBXContainerItemProxy */;
		};
/* End PBXTargetDependency section */

/* Begin PBXVariantGroup section */
		A401331B21DFF01900E8E29E /* Home.storyboard */ = {
			isa = PBXVariantGroup;
			children = (
				A401331C21DFF01900E8E29E /* Base */,
			);
			name = Home.storyboard;
			sourceTree = "<group>";
		};
		A401332021DFF05100E8E29E /* Mine.storyboard */ = {
			isa = PBXVariantGroup;
			children = (
				A401332121DFF05100E8E29E /* Base */,
			);
			name = Mine.storyboard;
			sourceTree = "<group>";
		};
		A4C0811721DFEB2B00E2216A /* Main.storyboard */ = {
			isa = PBXVariantGroup;
			children = (
				A4C0811821DFEB2B00E2216A /* Base */,
			);
			name = Main.storyboard;
			sourceTree = "<group>";
		};
		A4C0811C21DFEB2D00E2216A /* LaunchScreen.storyboard */ = {
			isa = PBXVariantGroup;
			children = (
				A4C0811D21DFEB2D00E2216A /* Base */,
			);
			name = LaunchScreen.storyboard;
			sourceTree = "<group>";
		};
/* End PBXVariantGroup section */

/* Begin XCBuildConfiguration section */
		A4C0813621DFEB2D00E2216A /* Debug */ = {
			isa = XCBuildConfiguration;
			buildSettings = {
				ALWAYS_SEARCH_USER_PATHS = NO;
				CLANG_ANALYZER_NONNULL = YES;
				CLANG_ANALYZER_NUMBER_OBJECT_CONVERSION = YES_AGGRESSIVE;
				CLANG_CXX_LANGUAGE_STANDARD = "gnu++14";
				CLANG_CXX_LIBRARY = "libc++";
				CLANG_ENABLE_MODULES = YES;
				CLANG_ENABLE_OBJC_ARC = YES;
				CLANG_ENABLE_OBJC_WEAK = YES;
				CLANG_WARN_BLOCK_CAPTURE_AUTORELEASING = YES;
				CLANG_WARN_BOOL_CONVERSION = YES;
				CLANG_WARN_COMMA = YES;
				CLANG_WARN_CONSTANT_CONVERSION = YES;
				CLANG_WARN_DEPRECATED_OBJC_IMPLEMENTATIONS = YES;
				CLANG_WARN_DIRECT_OBJC_ISA_USAGE = YES_ERROR;
				CLANG_WARN_DOCUMENTATION_COMMENTS = YES;
				CLANG_WARN_EMPTY_BODY = YES;
				CLANG_WARN_ENUM_CONVERSION = YES;
				CLANG_WARN_INFINITE_RECURSION = YES;
				CLANG_WARN_INT_CONVERSION = YES;
				CLANG_WARN_NON_LITERAL_NULL_CONVERSION = YES;
				CLANG_WARN_OBJC_IMPLICIT_RETAIN_SELF = YES;
				CLANG_WARN_OBJC_LITERAL_CONVERSION = YES;
				CLANG_WARN_OBJC_ROOT_CLASS = YES_ERROR;
				CLANG_WARN_RANGE_LOOP_ANALYSIS = YES;
				CLANG_WARN_STRICT_PROTOTYPES = YES;
				CLANG_WARN_SUSPICIOUS_MOVE = YES;
				CLANG_WARN_UNGUARDED_AVAILABILITY = YES_AGGRESSIVE;
				CLANG_WARN_UNREACHABLE_CODE = YES;
				CLANG_WARN__DUPLICATE_METHOD_MATCH = YES;
				CODE_SIGN_IDENTITY = "iPhone Developer";
				COPY_PHASE_STRIP = NO;
				DEBUG_INFORMATION_FORMAT = dwarf;
				ENABLE_STRICT_OBJC_MSGSEND = YES;
				ENABLE_TESTABILITY = YES;
				GCC_C_LANGUAGE_STANDARD = gnu11;
				GCC_DYNAMIC_NO_PIC = NO;
				GCC_NO_COMMON_BLOCKS = YES;
				GCC_OPTIMIZATION_LEVEL = 0;
				GCC_PREPROCESSOR_DEFINITIONS = (
					"DEBUG=1",
					"$(inherited)",
				);
				GCC_WARN_64_TO_32_BIT_CONVERSION = YES;
				GCC_WARN_ABOUT_RETURN_TYPE = YES_ERROR;
				GCC_WARN_UNDECLARED_SELECTOR = YES;
				GCC_WARN_UNINITIALIZED_AUTOS = YES_AGGRESSIVE;
				GCC_WARN_UNUSED_FUNCTION = YES;
				GCC_WARN_UNUSED_VARIABLE = YES;
				IPHONEOS_DEPLOYMENT_TARGET = 12.1;
				MTL_ENABLE_DEBUG_INFO = INCLUDE_SOURCE;
				MTL_FAST_MATH = YES;
				ONLY_ACTIVE_ARCH = YES;
				SDKROOT = iphoneos;
				SWIFT_ACTIVE_COMPILATION_CONDITIONS = DEBUG;
				SWIFT_OPTIMIZATION_LEVEL = "-Onone";
			};
			name = Debug;
		};
		A4C0813721DFEB2D00E2216A /* Release */ = {
			isa = XCBuildConfiguration;
			buildSettings = {
				ALWAYS_SEARCH_USER_PATHS = NO;
				CLANG_ANALYZER_NONNULL = YES;
				CLANG_ANALYZER_NUMBER_OBJECT_CONVERSION = YES_AGGRESSIVE;
				CLANG_CXX_LANGUAGE_STANDARD = "gnu++14";
				CLANG_CXX_LIBRARY = "libc++";
				CLANG_ENABLE_MODULES = YES;
				CLANG_ENABLE_OBJC_ARC = YES;
				CLANG_ENABLE_OBJC_WEAK = YES;
				CLANG_WARN_BLOCK_CAPTURE_AUTORELEASING = YES;
				CLANG_WARN_BOOL_CONVERSION = YES;
				CLANG_WARN_COMMA = YES;
				CLANG_WARN_CONSTANT_CONVERSION = YES;
				CLANG_WARN_DEPRECATED_OBJC_IMPLEMENTATIONS = YES;
				CLANG_WARN_DIRECT_OBJC_ISA_USAGE = YES_ERROR;
				CLANG_WARN_DOCUMENTATION_COMMENTS = YES;
				CLANG_WARN_EMPTY_BODY = YES;
				CLANG_WARN_ENUM_CONVERSION = YES;
				CLANG_WARN_INFINITE_RECURSION = YES;
				CLANG_WARN_INT_CONVERSION = YES;
				CLANG_WARN_NON_LITERAL_NULL_CONVERSION = YES;
				CLANG_WARN_OBJC_IMPLICIT_RETAIN_SELF = YES;
				CLANG_WARN_OBJC_LITERAL_CONVERSION = YES;
				CLANG_WARN_OBJC_ROOT_CLASS = YES_ERROR;
				CLANG_WARN_RANGE_LOOP_ANALYSIS = YES;
				CLANG_WARN_STRICT_PROTOTYPES = YES;
				CLANG_WARN_SUSPICIOUS_MOVE = YES;
				CLANG_WARN_UNGUARDED_AVAILABILITY = YES_AGGRESSIVE;
				CLANG_WARN_UNREACHABLE_CODE = YES;
				CLANG_WARN__DUPLICATE_METHOD_MATCH = YES;
				CODE_SIGN_IDENTITY = "iPhone Developer";
				COPY_PHASE_STRIP = NO;
				DEBUG_INFORMATION_FORMAT = "dwarf-with-dsym";
				ENABLE_NS_ASSERTIONS = NO;
				ENABLE_STRICT_OBJC_MSGSEND = YES;
				GCC_C_LANGUAGE_STANDARD = gnu11;
				GCC_NO_COMMON_BLOCKS = YES;
				GCC_WARN_64_TO_32_BIT_CONVERSION = YES;
				GCC_WARN_ABOUT_RETURN_TYPE = YES_ERROR;
				GCC_WARN_UNDECLARED_SELECTOR = YES;
				GCC_WARN_UNINITIALIZED_AUTOS = YES_AGGRESSIVE;
				GCC_WARN_UNUSED_FUNCTION = YES;
				GCC_WARN_UNUSED_VARIABLE = YES;
				IPHONEOS_DEPLOYMENT_TARGET = 12.1;
				MTL_ENABLE_DEBUG_INFO = NO;
				MTL_FAST_MATH = YES;
				SDKROOT = iphoneos;
				SWIFT_COMPILATION_MODE = wholemodule;
				SWIFT_OPTIMIZATION_LEVEL = "-O";
				VALIDATE_PRODUCT = YES;
			};
			name = Release;
		};
		A4C0813921DFEB2D00E2216A /* Debug */ = {
			isa = XCBuildConfiguration;
			baseConfigurationReference = ADB8FD6F4BEA93DBC06E7ADD /* Pods-CarloudyNews.debug.xcconfig */;
			buildSettings = {
				ASSETCATALOG_COMPILER_APPICON_NAME = AppIcon;
				ASSETCATALOG_COMPILER_LAUNCHIMAGE_NAME = LaunchImage;
				CODE_SIGN_STYLE = Automatic;
				DEVELOPMENT_TEAM = TJEC8LNQP8;
				INFOPLIST_FILE = CarloudyNews/Info.plist;
				IPHONEOS_DEPLOYMENT_TARGET = 11.0;
				LD_RUNPATH_SEARCH_PATHS = (
					"$(inherited)",
					"@executable_path/Frameworks",
				);
				PRODUCT_BUNDLE_IDENTIFIER = cognitiveAI.CarloudyNews;
				PRODUCT_NAME = "$(TARGET_NAME)";
				SWIFT_VERSION = 4.2;
				TARGETED_DEVICE_FAMILY = 1;
			};
			name = Debug;
		};
		A4C0813A21DFEB2D00E2216A /* Release */ = {
			isa = XCBuildConfiguration;
			baseConfigurationReference = 931847F70BF84EC7C7D65EFF /* Pods-CarloudyNews.release.xcconfig */;
			buildSettings = {
				ASSETCATALOG_COMPILER_APPICON_NAME = AppIcon;
				ASSETCATALOG_COMPILER_LAUNCHIMAGE_NAME = LaunchImage;
				CODE_SIGN_STYLE = Automatic;
				DEVELOPMENT_TEAM = TJEC8LNQP8;
				INFOPLIST_FILE = CarloudyNews/Info.plist;
				IPHONEOS_DEPLOYMENT_TARGET = 11.0;
				LD_RUNPATH_SEARCH_PATHS = (
					"$(inherited)",
					"@executable_path/Frameworks",
				);
				PRODUCT_BUNDLE_IDENTIFIER = cognitiveAI.CarloudyNews;
				PRODUCT_NAME = "$(TARGET_NAME)";
				SWIFT_VERSION = 4.2;
				TARGETED_DEVICE_FAMILY = 1;
			};
			name = Release;
		};
		A4C0813C21DFEB2D00E2216A /* Debug */ = {
			isa = XCBuildConfiguration;
			buildSettings = {
				ALWAYS_EMBED_SWIFT_STANDARD_LIBRARIES = YES;
				BUNDLE_LOADER = "$(TEST_HOST)";
				CODE_SIGN_STYLE = Automatic;
				DEVELOPMENT_TEAM = TJEC8LNQP8;
				INFOPLIST_FILE = CarloudyNewsTests/Info.plist;
				LD_RUNPATH_SEARCH_PATHS = (
					"$(inherited)",
					"@executable_path/Frameworks",
					"@loader_path/Frameworks",
				);
				PRODUCT_BUNDLE_IDENTIFIER = cognitiveAI.CarloudyNewsTests;
				PRODUCT_NAME = "$(TARGET_NAME)";
				SWIFT_VERSION = 4.2;
				TARGETED_DEVICE_FAMILY = "1,2";
				TEST_HOST = "$(BUILT_PRODUCTS_DIR)/CarloudyNews.app/CarloudyNews";
			};
			name = Debug;
		};
		A4C0813D21DFEB2D00E2216A /* Release */ = {
			isa = XCBuildConfiguration;
			buildSettings = {
				ALWAYS_EMBED_SWIFT_STANDARD_LIBRARIES = YES;
				BUNDLE_LOADER = "$(TEST_HOST)";
				CODE_SIGN_STYLE = Automatic;
				DEVELOPMENT_TEAM = TJEC8LNQP8;
				INFOPLIST_FILE = CarloudyNewsTests/Info.plist;
				LD_RUNPATH_SEARCH_PATHS = (
					"$(inherited)",
					"@executable_path/Frameworks",
					"@loader_path/Frameworks",
				);
				PRODUCT_BUNDLE_IDENTIFIER = cognitiveAI.CarloudyNewsTests;
				PRODUCT_NAME = "$(TARGET_NAME)";
				SWIFT_VERSION = 4.2;
				TARGETED_DEVICE_FAMILY = "1,2";
				TEST_HOST = "$(BUILT_PRODUCTS_DIR)/CarloudyNews.app/CarloudyNews";
			};
			name = Release;
		};
		A4C0813F21DFEB2D00E2216A /* Debug */ = {
			isa = XCBuildConfiguration;
			buildSettings = {
				ALWAYS_EMBED_SWIFT_STANDARD_LIBRARIES = YES;
				CODE_SIGN_STYLE = Automatic;
				DEVELOPMENT_TEAM = TJEC8LNQP8;
				INFOPLIST_FILE = CarloudyNewsUITests/Info.plist;
				LD_RUNPATH_SEARCH_PATHS = (
					"$(inherited)",
					"@executable_path/Frameworks",
					"@loader_path/Frameworks",
				);
				PRODUCT_BUNDLE_IDENTIFIER = cognitiveAI.CarloudyNewsUITests;
				PRODUCT_NAME = "$(TARGET_NAME)";
				SWIFT_VERSION = 4.2;
				TARGETED_DEVICE_FAMILY = "1,2";
				TEST_TARGET_NAME = CarloudyNews;
			};
			name = Debug;
		};
		A4C0814021DFEB2D00E2216A /* Release */ = {
			isa = XCBuildConfiguration;
			buildSettings = {
				ALWAYS_EMBED_SWIFT_STANDARD_LIBRARIES = YES;
				CODE_SIGN_STYLE = Automatic;
				DEVELOPMENT_TEAM = TJEC8LNQP8;
				INFOPLIST_FILE = CarloudyNewsUITests/Info.plist;
				LD_RUNPATH_SEARCH_PATHS = (
					"$(inherited)",
					"@executable_path/Frameworks",
					"@loader_path/Frameworks",
				);
				PRODUCT_BUNDLE_IDENTIFIER = cognitiveAI.CarloudyNewsUITests;
				PRODUCT_NAME = "$(TARGET_NAME)";
				SWIFT_VERSION = 4.2;
				TARGETED_DEVICE_FAMILY = "1,2";
				TEST_TARGET_NAME = CarloudyNews;
			};
			name = Release;
		};
/* End XCBuildConfiguration section */

/* Begin XCConfigurationList section */
		A4C0810B21DFEB2B00E2216A /* Build configuration list for PBXProject "CarloudyNews" */ = {
			isa = XCConfigurationList;
			buildConfigurations = (
				A4C0813621DFEB2D00E2216A /* Debug */,
				A4C0813721DFEB2D00E2216A /* Release */,
			);
			defaultConfigurationIsVisible = 0;
			defaultConfigurationName = Release;
		};
		A4C0813821DFEB2D00E2216A /* Build configuration list for PBXNativeTarget "CarloudyNews" */ = {
			isa = XCConfigurationList;
			buildConfigurations = (
				A4C0813921DFEB2D00E2216A /* Debug */,
				A4C0813A21DFEB2D00E2216A /* Release */,
			);
			defaultConfigurationIsVisible = 0;
			defaultConfigurationName = Release;
		};
		A4C0813B21DFEB2D00E2216A /* Build configuration list for PBXNativeTarget "CarloudyNewsTests" */ = {
			isa = XCConfigurationList;
			buildConfigurations = (
				A4C0813C21DFEB2D00E2216A /* Debug */,
				A4C0813D21DFEB2D00E2216A /* Release */,
			);
			defaultConfigurationIsVisible = 0;
			defaultConfigurationName = Release;
		};
		A4C0813E21DFEB2D00E2216A /* Build configuration list for PBXNativeTarget "CarloudyNewsUITests" */ = {
			isa = XCConfigurationList;
			buildConfigurations = (
				A4C0813F21DFEB2D00E2216A /* Debug */,
				A4C0814021DFEB2D00E2216A /* Release */,
			);
			defaultConfigurationIsVisible = 0;
			defaultConfigurationName = Release;
		};
/* End XCConfigurationList section */
	};
	rootObject = A4C0810821DFEB2B00E2216A /* Project object */;
}
